
Microsoft Visual Studio Solution File, Format Version 12.00
# Visual Studio Version 17
VisualStudioVersion = 17.0.31903.59
MinimumVisualStudioVersion = 10.0.40219.1
Project("{2150E333-8FDC-42A3-9474-1A3956D46DE8}") = "src", "src", "{C47775EC-E1FA-4CD6-B299-C52FE48927D2}"
EndProject
Project("{FAE04EC0-301F-11D3-BF4B-00C04F79EFBC}") = "SimpleAPI", "src\SimpleAPI\SimpleAPI.csproj", "{13D0FF58-89A0-4765-B0F1-971F804BCE7F}"
EndProject
Project("{2150E333-8FDC-42A3-9474-1A3956D46DE8}") = "test", "test", "{67E751A2-EDD0-4291-8470-DF0FE8646ED0}"
EndProject
Project("{FAE04EC0-301F-11D3-BF4B-00C04F79EFBC}") = "SimpleAPI.Test", "test\SimpleAPI.Test\SimpleAPI.Test.csproj", "{7268BFA3-8E18-4D83-BDFD-59499DA48BC8}"
EndProject
Global
	GlobalSection(SolutionConfigurationPlatforms) = preSolution
		Debug|Any CPU = Debug|Any CPU
		Release|Any CPU = Release|Any CPU
	EndGlobalSection
	GlobalSection(SolutionProperties) = preSolution
		HideSolutionNode = FALSE
	EndGlobalSection
	GlobalSection(ProjectConfigurationPlatforms) = postSolution
		{13D0FF58-89A0-4765-B0F1-971F804BCE7F}.Debug|Any CPU.ActiveCfg = Debug|Any CPU
		{13D0FF58-89A0-4765-B0F1-971F804BCE7F}.Debug|Any CPU.Build.0 = Debug|Any CPU
		{13D0FF58-89A0-4765-B0F1-971F804BCE7F}.Release|Any CPU.ActiveCfg = Release|Any CPU
		{13D0FF58-89A0-4765-B0F1-971F804BCE7F}.Release|Any CPU.Build.0 = Release|Any CPU
		{7268BFA3-8E18-4D83-BDFD-59499DA48BC8}.Debug|Any CPU.ActiveCfg = Debug|Any CPU
		{7268BFA3-8E18-4D83-BDFD-59499DA48BC8}.Debug|Any CPU.Build.0 = Debug|Any CPU
		{7268BFA3-8E18-4D83-BDFD-59499DA48BC8}.Release|Any CPU.ActiveCfg = Release|Any CPU
		{7268BFA3-8E18-4D83-BDFD-59499DA48BC8}.Release|Any CPU.Build.0 = Release|Any CPU
	EndGlobalSection
	GlobalSection(NestedProjects) = preSolution
		{13D0FF58-89A0-4765-B0F1-971F804BCE7F} = {C47775EC-E1FA-4CD6-B299-C52FE48927D2}
		{7268BFA3-8E18-4D83-BDFD-59499DA48BC8} = {67E751A2-EDD0-4291-8470-DF0FE8646ED0}
	EndGlobalSection
EndGlobal
